
Microsoft Visual Studio Solution File, Format Version 12.00
# Visual Studio 15
VisualStudioVersion = 15.0.26730.16
MinimumVisualStudioVersion = 10.0.40219.1
Project("{FAE04EC0-301F-11D3-BF4B-00C04F79EFBC}") = "dirInfo", "dirInfo\dirInfo.csproj", "{A9FA8D51-69C8-4930-8C05-358988DFEF4A}"
EndProject
Global
	GlobalSection(SolutionConfigurationPlatforms) = preSolution
		Debug|Any CPU = Debug|Any CPU
		Release|Any CPU = Release|Any CPU
	EndGlobalSection
	GlobalSection(ProjectConfigurationPlatforms) = postSolution
		{A9FA8D51-69C8-4930-8C05-358988DFEF4A}.Debug|Any CPU.ActiveCfg = Debug|Any CPU
		{A9FA8D51-69C8-4930-8C05-358988DFEF4A}.Debug|Any CPU.Build.0 = Debug|Any CPU
		{A9FA8D51-69C8-4930-8C05-358988DFEF4A}.Release|Any CPU.ActiveCfg = Release|Any CPU
		{A9FA8D51-69C8-4930-8C05-358988DFEF4A}.Release|Any CPU.Build.0 = Release|Any CPU
	EndGlobalSection
	GlobalSection(SolutionProperties) = preSolution
		HideSolutionNode = FALSE
	EndGlobalSection
	GlobalSection(ExtensibilityGlobals) = postSolution
		SolutionGuid = {005068EF-A7EC-4306-B0D4-B9383A0292D8}
	EndGlobalSection
EndGlobal
